{
  "requires": true,
  "lockfileVersion": 1,
  "dependencies": {
    "formBuilder": {
      "version": "3.2.5",
      "resolved": "https://registry.npmjs.org/formBuilder/-/formBuilder-3.2.5.tgz",
      "integrity": "sha512-YAgV7IiAdkVhEPsXlKsGc87VVQ7h+3KhxgtBqHNHWfAkhu0lBP8hqhyMSnz6Fkz1F5hmgb4/k/+Z5JJDvwlkdA==",
      "requires": {
        "jquery": ">=3.4.1",
        "jquery-ui-sortable": "*"
      }
    },
    "jquery": {
      "version": "3.4.1",
      "resolved": "https://registry.npmjs.org/jquery/-/jquery-3.4.1.tgz",
      "integrity": "sha512-36+AdBzCL+y6qjw5Tx7HgzeGCzC81MDDgaUP8ld2zhx58HdqXGoBd+tHdrBMiyjGQs0Hxs/MLZTu/eHNJJuWPw=="
    },
    "jquery-ui-sortable": {
      "version": "1.0.0",
      "resolved": "https://registry.npmjs.org/jquery-ui-sortable/-/jquery-ui-sortable-1.0.0.tgz",
      "integrity": "sha1-DuBizgKymzZYXt46Pg3d5mYGD5Y="
    }
  }
}
